
Microsoft Visual Studio Solution File, Format Version 12.00
# Visual Studio 15
VisualStudioVersion = 15.0.28010.2041
MinimumVisualStudioVersion = 10.0.40219.1
Project("{FAE04EC0-301F-11D3-BF4B-00C04F79EFBC}") = "Encapsulation", "Encapsulation\Encapsulation.csproj", "{A9E72856-1C77-4174-B756-38549D987549}"
EndProject
Project("{FAE04EC0-301F-11D3-BF4B-00C04F79EFBC}") = "Encapsulation.Test", "Encapsulation.Test\Encapsulation.Test.csproj", "{31CB4ACB-E81D-4536-8D9D-DEC77C0E7503}"
EndProject
Global
	GlobalSection(SolutionConfigurationPlatforms) = preSolution
		Debug|Any CPU = Debug|Any CPU
		Release|Any CPU = Release|Any CPU
	EndGlobalSection
	GlobalSection(ProjectConfigurationPlatforms) = postSolution
		{A9E72856-1C77-4174-B756-38549D987549}.Debug|Any CPU.ActiveCfg = Debug|Any CPU
		{A9E72856-1C77-4174-B756-38549D987549}.Debug|Any CPU.Build.0 = Debug|Any CPU
		{A9E72856-1C77-4174-B756-38549D987549}.Release|Any CPU.ActiveCfg = Release|Any CPU
		{A9E72856-1C77-4174-B756-38549D987549}.Release|Any CPU.Build.0 = Release|Any CPU
		{31CB4ACB-E81D-4536-8D9D-DEC77C0E7503}.Debug|Any CPU.ActiveCfg = Debug|Any CPU
		{31CB4ACB-E81D-4536-8D9D-DEC77C0E7503}.Debug|Any CPU.Build.0 = Debug|Any CPU
		{31CB4ACB-E81D-4536-8D9D-DEC77C0E7503}.Release|Any CPU.ActiveCfg = Release|Any CPU
		{31CB4ACB-E81D-4536-8D9D-DEC77C0E7503}.Release|Any CPU.Build.0 = Release|Any CPU
	EndGlobalSection
	GlobalSection(SolutionProperties) = preSolution
		HideSolutionNode = FALSE
	EndGlobalSection
	GlobalSection(ExtensibilityGlobals) = postSolution
		SolutionGuid = {B20909D0-7BA6-417D-8382-3D61016A14FC}
	EndGlobalSection
EndGlobal
